// !$*UTF8*$!
{
	archiveVersion = 1;
	classes = {
	};
	objectVersion = 50;
	objects = {

/* Begin PBXBuildFile section */
		1F291780219AC50D001A3C9A /* CustomPresentationViewController.swift in Sources */ = {isa = PBXBuildFile; fileRef = 1F29177F219AC50D001A3C9A /* CustomPresentationViewController.swift */; };
		1F291786219BBC99001A3C9A /* DeletableList.swift in Sources */ = {isa = PBXBuildFile; fileRef = 1F291785219BBC99001A3C9A /* DeletableList.swift */; };
		1F39E7E821AFAE7D0071BDC0 /* TextFieldViewController.swift in Sources */ = {isa = PBXBuildFile; fileRef = 1F39E7E721AFAE7D0071BDC0 /* TextFieldViewController.swift */; };
		1F39E7EA21B0BFD10071BDC0 /* WebPageViewController.swift in Sources */ = {isa = PBXBuildFile; fileRef = 1F39E7E921B0BFD10071BDC0 /* WebPageViewController.swift */; };
		1F434BF621BA6C6B0054F5AB /* JumpPresentation.swift in Sources */ = {isa = PBXBuildFile; fileRef = 1F434BF521BA6C6B0054F5AB /* JumpPresentation.swift */; };
		1F434BF821BA6FBB0054F5AB /* assertionView.swift in Sources */ = {isa = PBXBuildFile; fileRef = 1F434BF721BA6FBB0054F5AB /* assertionView.swift */; };
		1F434BFA21BA7EA60054F5AB /* DeleteAddressViewController.swift in Sources */ = {isa = PBXBuildFile; fileRef = 1F434BF921BA7EA60054F5AB /* DeleteAddressViewController.swift */; };
		1F4F8AD921B388CB005CE25C /* AddressData.swift in Sources */ = {isa = PBXBuildFile; fileRef = 1F4F8AD821B388CB005CE25C /* AddressData.swift */; };
		1F4F8ADB21B3C213005CE25C /* TopPresentationController.swift in Sources */ = {isa = PBXBuildFile; fileRef = 1F4F8ADA21B3C212005CE25C /* TopPresentationController.swift */; };
		1F4F8B5921B608FB005CE25C /* NotesmoveoutViewController.swift in Sources */ = {isa = PBXBuildFile; fileRef = 1F4F8B5821B608FB005CE25C /* NotesmoveoutViewController.swift */; };
		1F4F8B5B21B61AC6005CE25C /* MemoPresentationController.swift in Sources */ = {isa = PBXBuildFile; fileRef = 1F4F8B5A21B61AC6005CE25C /* MemoPresentationController.swift */; };
		1F4F8B5D21B61B76005CE25C /* MemoViewController.swift in Sources */ = {isa = PBXBuildFile; fileRef = 1F4F8B5C21B61B76005CE25C /* MemoViewController.swift */; };
		1F52628F21A586FC0067BC45 /* TopPageViewController.swift in Sources */ = {isa = PBXBuildFile; fileRef = 1F52628E21A586FC0067BC45 /* TopPageViewController.swift */; };
		1F52629121A67D070067BC45 /* Progressive.swift in Sources */ = {isa = PBXBuildFile; fileRef = 1F52629021A67D070067BC45 /* Progressive.swift */; };
		1F52629321A69F0A0067BC45 /* TaskClasses.swift in Sources */ = {isa = PBXBuildFile; fileRef = 1F52629221A69F0A0067BC45 /* TaskClasses.swift */; };
		1F52629A21A79FF70067BC45 /* SettingViewController.swift in Sources */ = {isa = PBXBuildFile; fileRef = 1F52629921A79FF70067BC45 /* SettingViewController.swift */; };
		1F7318CA21A20DC900851BD4 /* HexColorClass.swift in Sources */ = {isa = PBXBuildFile; fileRef = 1F7318C921A20DC900851BD4 /* HexColorClass.swift */; };
		1F79797A218FE051004E56EA /* EditViewController.swift in Sources */ = {isa = PBXBuildFile; fileRef = 1F797979218FE051004E56EA /* EditViewController.swift */; };
		1F79797C21907A61004E56EA /* MyTableViewCell.swift in Sources */ = {isa = PBXBuildFile; fileRef = 1F79797B21907A61004E56EA /* MyTableViewCell.swift */; };
		1F79797E21907EF4004E56EA /* CustomButton.swift in Sources */ = {isa = PBXBuildFile; fileRef = 1F79797D21907EF4004E56EA /* CustomButton.swift */; };
		1F88550521AD80EE00CFB980 /* CollectionViewController.swift in Sources */ = {isa = PBXBuildFile; fileRef = 1F88550421AD80EE00CFB980 /* CollectionViewController.swift */; };
		1F88550721AD917600CFB980 /* CustomCollectionViewCell.swift in Sources */ = {isa = PBXBuildFile; fileRef = 1F88550621AD917600CFB980 /* CustomCollectionViewCell.swift */; };
		1F8CA59F21A7EF1600D4CF34 /* plannedDate.swift in Sources */ = {isa = PBXBuildFile; fileRef = 1F8CA59E21A7EF1600D4CF34 /* plannedDate.swift */; };
		1FA17422218BFEF9004316F3 /* AppDelegate.swift in Sources */ = {isa = PBXBuildFile; fileRef = 1FA17421218BFEF9004316F3 /* AppDelegate.swift */; };
		1FA17424218BFEF9004316F3 /* AddressesViewController.swift in Sources */ = {isa = PBXBuildFile; fileRef = 1FA17423218BFEF9004316F3 /* AddressesViewController.swift */; };
		1FA17427218BFEF9004316F3 /* Main.storyboard in Resources */ = {isa = PBXBuildFile; fileRef = 1FA17425218BFEF9004316F3 /* Main.storyboard */; };
		1FA17429218BFEFD004316F3 /* Assets.xcassets in Resources */ = {isa = PBXBuildFile; fileRef = 1FA17428218BFEFD004316F3 /* Assets.xcassets */; };
		1FA1742C218BFEFD004316F3 /* LaunchScreen.storyboard in Resources */ = {isa = PBXBuildFile; fileRef = 1FA1742A218BFEFD004316F3 /* LaunchScreen.storyboard */; };
		1FA17437218BFEFD004316F3 /* HikkosiCheckerTests.swift in Sources */ = {isa = PBXBuildFile; fileRef = 1FA17436218BFEFD004316F3 /* HikkosiCheckerTests.swift */; };
		1FA17442218BFEFD004316F3 /* HikkosiCheckerUITests.swift in Sources */ = {isa = PBXBuildFile; fileRef = 1FA17441218BFEFD004316F3 /* HikkosiCheckerUITests.swift */; };
		1FA17450218C00B9004316F3 /* MoveoutTasksViewController.swift in Sources */ = {isa = PBXBuildFile; fileRef = 1FA1744F218C00B9004316F3 /* MoveoutTasksViewController.swift */; };
		1FA17452218C00C6004316F3 /* MoveinTasksViewController.swift in Sources */ = {isa = PBXBuildFile; fileRef = 1FA17451218C00C6004316F3 /* MoveinTasksViewController.swift */; };
		1FB1410C21AB8FE700BAFD44 /* Addreeses.swift in Sources */ = {isa = PBXBuildFile; fileRef = 1FB1410B21AB8FE700BAFD44 /* Addreeses.swift */; };
		1FF6D85721B109120083087A /* SetURLViewController.swift in Sources */ = {isa = PBXBuildFile; fileRef = 1FF6D85621B109120083087A /* SetURLViewController.swift */; };
		1FF6D85921B12AFB0083087A /* PrimaryKeyClass.swift in Sources */ = {isa = PBXBuildFile; fileRef = 1FF6D85821B12AFB0083087A /* PrimaryKeyClass.swift */; };
		1FF6D85D21B2221F0083087A /* EditMoveinTasksViewController.swift in Sources */ = {isa = PBXBuildFile; fileRef = 1FF6D85C21B2221F0083087A /* EditMoveinTasksViewController.swift */; };
		1FF6D85F21B2229D0083087A /* NotesMoveinTasksViewController.swift in Sources */ = {isa = PBXBuildFile; fileRef = 1FF6D85E21B2229D0083087A /* NotesMoveinTasksViewController.swift */; };
		1FF6D86221B254560083087A /* AttributedString.swift in Sources */ = {isa = PBXBuildFile; fileRef = 1FF6D86121B254560083087A /* AttributedString.swift */; };
		49954432FF5FD14DAB0CAD76 /* Pods_HikkosiCheckerTests.framework in Frameworks */ = {isa = PBXBuildFile; fileRef = 05BCD3E79D1DD8AAF28BB36E /* Pods_HikkosiCheckerTests.framework */; };
		7DE4FC35687BA45B2844F06B /* Pods_HikkosiCheckerUITests.framework in Frameworks */ = {isa = PBXBuildFile; fileRef = 1E982829313C9D5E6B66CBC7 /* Pods_HikkosiCheckerUITests.framework */; };
		EAF907F579C7108917C14983 /* Pods_HikkosiChecker.framework in Frameworks */ = {isa = PBXBuildFile; fileRef = CBF4B4AC8376E276AB5904D3 /* Pods_HikkosiChecker.framework */; };
/* End PBXBuildFile section */

/* Begin PBXContainerItemProxy section */
		1FA17433218BFEFD004316F3 /* PBXContainerItemProxy */ = {
			isa = PBXContainerItemProxy;
			containerPortal = 1FA17416218BFEF9004316F3 /* Project object */;
			proxyType = 1;
			remoteGlobalIDString = 1FA1741D218BFEF9004316F3;
			remoteInfo = HikkosiChecker;
		};
		1FA1743E218BFEFD004316F3 /* PBXContainerItemProxy */ = {
			isa = PBXContainerItemProxy;
			containerPortal = 1FA17416218BFEF9004316F3 /* Project object */;
			proxyType = 1;
			remoteGlobalIDString = 1FA1741D218BFEF9004316F3;
			remoteInfo = HikkosiChecker;
		};
/* End PBXContainerItemProxy section */

/* Begin PBXFileReference section */
		05BCD3E79D1DD8AAF28BB36E /* Pods_HikkosiCheckerTests.framework */ = {isa = PBXFileReference; explicitFileType = wrapper.framework; includeInIndex = 0; path = Pods_HikkosiCheckerTests.framework; sourceTree = BUILT_PRODUCTS_DIR; };
		1701ACCB9A5860206B941EBE /* Pods-HikkosiChecker.debug.xcconfig */ = {isa = PBXFileReference; includeInIndex = 1; lastKnownFileType = text.xcconfig; name = "Pods-HikkosiChecker.debug.xcconfig"; path = "Pods/Target Support Files/Pods-HikkosiChecker/Pods-HikkosiChecker.debug.xcconfig"; sourceTree = "<group>"; };
		1E982829313C9D5E6B66CBC7 /* Pods_HikkosiCheckerUITests.framework */ = {isa = PBXFileReference; explicitFileType = wrapper.framework; includeInIndex = 0; path = Pods_HikkosiCheckerUITests.framework; sourceTree = BUILT_PRODUCTS_DIR; };
		1F29177F219AC50D001A3C9A /* CustomPresentationViewController.swift */ = {isa = PBXFileReference; lastKnownFileType = sourcecode.swift; path = CustomPresentationViewController.swift; sourceTree = "<group>"; };
		1F291785219BBC99001A3C9A /* DeletableList.swift */ = {isa = PBXFileReference; lastKnownFileType = sourcecode.swift; path = DeletableList.swift; sourceTree = "<group>"; };
		1F39E7E721AFAE7D0071BDC0 /* TextFieldViewController.swift */ = {isa = PBXFileReference; lastKnownFileType = sourcecode.swift; path = TextFieldViewController.swift; sourceTree = "<group>"; };
		1F39E7E921B0BFD10071BDC0 /* WebPageViewController.swift */ = {isa = PBXFileReference; lastKnownFileType = sourcecode.swift; path = WebPageViewController.swift; sourceTree = "<group>"; };
		1F434BF521BA6C6B0054F5AB /* JumpPresentation.swift */ = {isa = PBXFileReference; lastKnownFileType = sourcecode.swift; path = JumpPresentation.swift; sourceTree = "<group>"; };
		1F434BF721BA6FBB0054F5AB /* assertionView.swift */ = {isa = PBXFileReference; lastKnownFileType = sourcecode.swift; path = assertionView.swift; sourceTree = "<group>"; };
		1F434BF921BA7EA60054F5AB /* DeleteAddressViewController.swift */ = {isa = PBXFileReference; lastKnownFileType = sourcecode.swift; path = DeleteAddressViewController.swift; sourceTree = "<group>"; };
		1F4F8AD821B388CB005CE25C /* AddressData.swift */ = {isa = PBXFileReference; lastKnownFileType = sourcecode.swift; path = AddressData.swift; sourceTree = "<group>"; };
		1F4F8ADA21B3C212005CE25C /* TopPresentationController.swift */ = {isa = PBXFileReference; lastKnownFileType = sourcecode.swift; path = TopPresentationController.swift; sourceTree = "<group>"; };
		1F4F8B5821B608FB005CE25C /* NotesmoveoutViewController.swift */ = {isa = PBXFileReference; lastKnownFileType = sourcecode.swift; path = NotesmoveoutViewController.swift; sourceTree = "<group>"; };
		1F4F8B5A21B61AC6005CE25C /* MemoPresentationController.swift */ = {isa = PBXFileReference; lastKnownFileType = sourcecode.swift; path = MemoPresentationController.swift; sourceTree = "<group>"; };
		1F4F8B5C21B61B76005CE25C /* MemoViewController.swift */ = {isa = PBXFileReference; lastKnownFileType = sourcecode.swift; path = MemoViewController.swift; sourceTree = "<group>"; };
		1F52628E21A586FC0067BC45 /* TopPageViewController.swift */ = {isa = PBXFileReference; lastKnownFileType = sourcecode.swift; path = TopPageViewController.swift; sourceTree = "<group>"; };
		1F52629021A67D070067BC45 /* Progressive.swift */ = {isa = PBXFileReference; lastKnownFileType = sourcecode.swift; path = Progressive.swift; sourceTree = "<group>"; };
		1F52629221A69F0A0067BC45 /* TaskClasses.swift */ = {isa = PBXFileReference; lastKnownFileType = sourcecode.swift; path = TaskClasses.swift; sourceTree = "<group>"; };
		1F52629921A79FF70067BC45 /* SettingViewController.swift */ = {isa = PBXFileReference; lastKnownFileType = sourcecode.swift; path = SettingViewController.swift; sourceTree = "<group>"; };
		1F7318C921A20DC900851BD4 /* HexColorClass.swift */ = {isa = PBXFileReference; lastKnownFileType = sourcecode.swift; path = HexColorClass.swift; sourceTree = "<group>"; };
		1F797979218FE051004E56EA /* EditViewController.swift */ = {isa = PBXFileReference; lastKnownFileType = sourcecode.swift; path = EditViewController.swift; sourceTree = "<group>"; };
		1F79797B21907A61004E56EA /* MyTableViewCell.swift */ = {isa = PBXFileReference; lastKnownFileType = sourcecode.swift; path = MyTableViewCell.swift; sourceTree = "<group>"; };
		1F79797D21907EF4004E56EA /* CustomButton.swift */ = {isa = PBXFileReference; lastKnownFileType = sourcecode.swift; path = CustomButton.swift; sourceTree = "<group>"; };
		1F88550421AD80EE00CFB980 /* CollectionViewController.swift */ = {isa = PBXFileReference; lastKnownFileType = sourcecode.swift; path = CollectionViewController.swift; sourceTree = "<group>"; };
		1F88550621AD917600CFB980 /* CustomCollectionViewCell.swift */ = {isa = PBXFileReference; lastKnownFileType = sourcecode.swift; path = CustomCollectionViewCell.swift; sourceTree = "<group>"; };
		1F8CA59E21A7EF1600D4CF34 /* plannedDate.swift */ = {isa = PBXFileReference; lastKnownFileType = sourcecode.swift; path = plannedDate.swift; sourceTree = "<group>"; };
		1FA1741E218BFEF9004316F3 /* HikkosiChecker.app */ = {isa = PBXFileReference; explicitFileType = wrapper.application; includeInIndex = 0; path = HikkosiChecker.app; sourceTree = BUILT_PRODUCTS_DIR; };
		1FA17421218BFEF9004316F3 /* AppDelegate.swift */ = {isa = PBXFileReference; lastKnownFileType = sourcecode.swift; path = AppDelegate.swift; sourceTree = "<group>"; };
		1FA17423218BFEF9004316F3 /* AddressesViewController.swift */ = {isa = PBXFileReference; lastKnownFileType = sourcecode.swift; path = AddressesViewController.swift; sourceTree = "<group>"; };
		1FA17426218BFEF9004316F3 /* Base */ = {isa = PBXFileReference; lastKnownFileType = file.storyboard; name = Base; path = Base.lproj/Main.storyboard; sourceTree = "<group>"; };
		1FA17428218BFEFD004316F3 /* Assets.xcassets */ = {isa = PBXFileReference; lastKnownFileType = folder.assetcatalog; path = Assets.xcassets; sourceTree = "<group>"; };
		1FA1742B218BFEFD004316F3 /* Base */ = {isa = PBXFileReference; lastKnownFileType = file.storyboard; name = Base; path = Base.lproj/LaunchScreen.storyboard; sourceTree = "<group>"; };
		1FA1742D218BFEFD004316F3 /* Info.plist */ = {isa = PBXFileReference; lastKnownFileType = text.plist.xml; path = Info.plist; sourceTree = "<group>"; };
		1FA17432218BFEFD004316F3 /* HikkosiCheckerTests.xctest */ = {isa = PBXFileReference; explicitFileType = wrapper.cfbundle; includeInIndex = 0; path = HikkosiCheckerTests.xctest; sourceTree = BUILT_PRODUCTS_DIR; };
		1FA17436218BFEFD004316F3 /* HikkosiCheckerTests.swift */ = {isa = PBXFileReference; lastKnownFileType = sourcecode.swift; path = HikkosiCheckerTests.swift; sourceTree = "<group>"; };
		1FA17438218BFEFD004316F3 /* Info.plist */ = {isa = PBXFileReference; lastKnownFileType = text.plist.xml; path = Info.plist; sourceTree = "<group>"; };
		1FA1743D218BFEFD004316F3 /* HikkosiCheckerUITests.xctest */ = {isa = PBXFileReference; explicitFileType = wrapper.cfbundle; includeInIndex = 0; path = HikkosiCheckerUITests.xctest; sourceTree = BUILT_PRODUCTS_DIR; };
		1FA17441218BFEFD004316F3 /* HikkosiCheckerUITests.swift */ = {isa = PBXFileReference; lastKnownFileType = sourcecode.swift; path = HikkosiCheckerUITests.swift; sourceTree = "<group>"; };
		1FA17443218BFEFE004316F3 /* Info.plist */ = {isa = PBXFileReference; lastKnownFileType = text.plist.xml; path = Info.plist; sourceTree = "<group>"; };
		1FA1744F218C00B9004316F3 /* MoveoutTasksViewController.swift */ = {isa = PBXFileReference; lastKnownFileType = sourcecode.swift; path = MoveoutTasksViewController.swift; sourceTree = "<group>"; };
		1FA17451218C00C6004316F3 /* MoveinTasksViewController.swift */ = {isa = PBXFileReference; lastKnownFileType = sourcecode.swift; path = MoveinTasksViewController.swift; sourceTree = "<group>"; };
		1FB1410B21AB8FE700BAFD44 /* Addreeses.swift */ = {isa = PBXFileReference; lastKnownFileType = sourcecode.swift; path = Addreeses.swift; sourceTree = "<group>"; };
		1FF6D85621B109120083087A /* SetURLViewController.swift */ = {isa = PBXFileReference; lastKnownFileType = sourcecode.swift; path = SetURLViewController.swift; sourceTree = "<group>"; };
		1FF6D85821B12AFB0083087A /* PrimaryKeyClass.swift */ = {isa = PBXFileReference; lastKnownFileType = sourcecode.swift; path = PrimaryKeyClass.swift; sourceTree = "<group>"; };
		1FF6D85C21B2221F0083087A /* EditMoveinTasksViewController.swift */ = {isa = PBXFileReference; lastKnownFileType = sourcecode.swift; path = EditMoveinTasksViewController.swift; sourceTree = "<group>"; };
		1FF6D85E21B2229D0083087A /* NotesMoveinTasksViewController.swift */ = {isa = PBXFileReference; lastKnownFileType = sourcecode.swift; path = NotesMoveinTasksViewController.swift; sourceTree = "<group>"; };
		1FF6D86121B254560083087A /* AttributedString.swift */ = {isa = PBXFileReference; lastKnownFileType = sourcecode.swift; name = AttributedString.swift; path = "/Users/kotanakamura/Library/Autosave Information/HikkosiChecker/HikkosiChecker/MyClasses/AttributedString.swift"; sourceTree = "<absolute>"; };
		481F1104A599504341C68C0C /* Pods-HikkosiChecker.release.xcconfig */ = {isa = PBXFileReference; includeInIndex = 1; lastKnownFileType = text.xcconfig; name = "Pods-HikkosiChecker.release.xcconfig"; path = "Pods/Target Support Files/Pods-HikkosiChecker/Pods-HikkosiChecker.release.xcconfig"; sourceTree = "<group>"; };
		62B943436A9A1975085D11E2 /* Pods-HikkosiCheckerTests.release.xcconfig */ = {isa = PBXFileReference; includeInIndex = 1; lastKnownFileType = text.xcconfig; name = "Pods-HikkosiCheckerTests.release.xcconfig"; path = "Pods/Target Support Files/Pods-HikkosiCheckerTests/Pods-HikkosiCheckerTests.release.xcconfig"; sourceTree = "<group>"; };
		87E6DFAF21E21D63BFD17980 /* Pods-HikkosiCheckerTests.debug.xcconfig */ = {isa = PBXFileReference; includeInIndex = 1; lastKnownFileType = text.xcconfig; name = "Pods-HikkosiCheckerTests.debug.xcconfig"; path = "Pods/Target Support Files/Pods-HikkosiCheckerTests/Pods-HikkosiCheckerTests.debug.xcconfig"; sourceTree = "<group>"; };
		B5041B57DAB160A9B21D04C3 /* Pods-HikkosiCheckerUITests.release.xcconfig */ = {isa = PBXFileReference; includeInIndex = 1; lastKnownFileType = text.xcconfig; name = "Pods-HikkosiCheckerUITests.release.xcconfig"; path = "Pods/Target Support Files/Pods-HikkosiCheckerUITests/Pods-HikkosiCheckerUITests.release.xcconfig"; sourceTree = "<group>"; };
		CBF4B4AC8376E276AB5904D3 /* Pods_HikkosiChecker.framework */ = {isa = PBXFileReference; explicitFileType = wrapper.framework; includeInIndex = 0; path = Pods_HikkosiChecker.framework; sourceTree = BUILT_PRODUCTS_DIR; };
		F4F7BB0BAEB7CCA5ABFB62F2 /* Pods-HikkosiCheckerUITests.debug.xcconfig */ = {isa = PBXFileReference; includeInIndex = 1; lastKnownFileType = text.xcconfig; name = "Pods-HikkosiCheckerUITests.debug.xcconfig"; path = "Pods/Target Support Files/Pods-HikkosiCheckerUITests/Pods-HikkosiCheckerUITests.debug.xcconfig"; sourceTree = "<group>"; };
/* End PBXFileReference section */

/* Begin PBXFrameworksBuildPhase section */
		1FA1741B218BFEF9004316F3 /* Frameworks */ = {
			isa = PBXFrameworksBuildPhase;
			buildActionMask = 2147483647;
			files = (
				EAF907F579C7108917C14983 /* Pods_HikkosiChecker.framework in Frameworks */,
			);
			runOnlyForDeploymentPostprocessing = 0;
		};
		1FA1742F218BFEFD004316F3 /* Frameworks */ = {
			isa = PBXFrameworksBuildPhase;
			buildActionMask = 2147483647;
			files = (
				49954432FF5FD14DAB0CAD76 /* Pods_HikkosiCheckerTests.framework in Frameworks */,
			);
			runOnlyForDeploymentPostprocessing = 0;
		};
		1FA1743A218BFEFD004316F3 /* Frameworks */ = {
			isa = PBXFrameworksBuildPhase;
			buildActionMask = 2147483647;
			files = (
				7DE4FC35687BA45B2844F06B /* Pods_HikkosiCheckerUITests.framework in Frameworks */,
			);
			runOnlyForDeploymentPostprocessing = 0;
		};
/* End PBXFrameworksBuildPhase section */

/* Begin PBXGroup section */
		1F52629421A6B7520067BC45 /* 転出時作業リスト */ = {
			isa = PBXGroup;
			children = (
				1FA1744F218C00B9004316F3 /* MoveoutTasksViewController.swift */,
				1F4F8B5821B608FB005CE25C /* NotesmoveoutViewController.swift */,
				1F4F8B5C21B61B76005CE25C /* MemoViewController.swift */,
				1F797979218FE051004E56EA /* EditViewController.swift */,
			);
			path = "転出時作業リスト";
			sourceTree = "<group>";
		};
		1F52629521A6B78F0067BC45 /* MyClasses */ = {
			isa = PBXGroup;
			children = (
				1F4F8B5A21B61AC6005CE25C /* MemoPresentationController.swift */,
				1F4F8ADA21B3C212005CE25C /* TopPresentationController.swift */,
				1F4F8AD821B388CB005CE25C /* AddressData.swift */,
				1FF6D86121B254560083087A /* AttributedString.swift */,
				1F88550621AD917600CFB980 /* CustomCollectionViewCell.swift */,
				1FF6D85821B12AFB0083087A /* PrimaryKeyClass.swift */,
				1FB1410B21AB8FE700BAFD44 /* Addreeses.swift */,
				1F29177F219AC50D001A3C9A /* CustomPresentationViewController.swift */,
				1F8CA59E21A7EF1600D4CF34 /* plannedDate.swift */,
				1F52629021A67D070067BC45 /* Progressive.swift */,
				1F79797B21907A61004E56EA /* MyTableViewCell.swift */,
				1F79797D21907EF4004E56EA /* CustomButton.swift */,
				1F52629221A69F0A0067BC45 /* TaskClasses.swift */,
				1F291785219BBC99001A3C9A /* DeletableList.swift */,
				1F7318C921A20DC900851BD4 /* HexColorClass.swift */,
			);
			path = MyClasses;
			sourceTree = "<group>";
		};
		1F52629621A6B7F50067BC45 /* TopPage */ = {
			isa = PBXGroup;
			children = (
				1F52628E21A586FC0067BC45 /* TopPageViewController.swift */,
				1F52629921A79FF70067BC45 /* SettingViewController.swift */,
			);
			path = TopPage;
			sourceTree = "<group>";
		};
		1F52629721A6B8430067BC45 /* 住所変更 */ = {
			isa = PBXGroup;
			children = (
				1F434BF921BA7EA60054F5AB /* DeleteAddressViewController.swift */,
				1F434BF721BA6FBB0054F5AB /* assertionView.swift */,
				1F434BF521BA6C6B0054F5AB /* JumpPresentation.swift */,
				1F88550421AD80EE00CFB980 /* CollectionViewController.swift */,
				1F39E7E721AFAE7D0071BDC0 /* TextFieldViewController.swift */,
				1FA17423218BFEF9004316F3 /* AddressesViewController.swift */,
				1FF6D85621B109120083087A /* SetURLViewController.swift */,
				1F39E7E921B0BFD10071BDC0 /* WebPageViewController.swift */,
			);
			path = "住所変更";
			sourceTree = "<group>";
		};
		1F52629821A6B85C0067BC45 /* 転入時作業リスト */ = {
			isa = PBXGroup;
			children = (
				1FF6D85C21B2221F0083087A /* EditMoveinTasksViewController.swift */,
				1FF6D85E21B2229D0083087A /* NotesMoveinTasksViewController.swift */,
				1FA17451218C00C6004316F3 /* MoveinTasksViewController.swift */,
			);
			path = "転入時作業リスト";
			sourceTree = "<group>";
		};
		1FA17415218BFEF9004316F3 = {
			isa = PBXGroup;
			children = (
				1FA17420218BFEF9004316F3 /* HikkosiChecker */,
				1FA17435218BFEFD004316F3 /* HikkosiCheckerTests */,
				1FA17440218BFEFD004316F3 /* HikkosiCheckerUITests */,
				1FA1741F218BFEF9004316F3 /* Products */,
				AD373575E53BB3BFB3CFCDC9 /* Pods */,
				4513BB50B72C3243DED90AA7 /* Frameworks */,
			);
			sourceTree = "<group>";
		};
		1FA1741F218BFEF9004316F3 /* Products */ = {
			isa = PBXGroup;
			children = (
				1FA1741E218BFEF9004316F3 /* HikkosiChecker.app */,
				1FA17432218BFEFD004316F3 /* HikkosiCheckerTests.xctest */,
				1FA1743D218BFEFD004316F3 /* HikkosiCheckerUITests.xctest */,
			);
			name = Products;
			sourceTree = "<group>";
		};
		1FA17420218BFEF9004316F3 /* HikkosiChecker */ = {
			isa = PBXGroup;
			children = (
				1F52629821A6B85C0067BC45 /* 転入時作業リスト */,
				1F52629721A6B8430067BC45 /* 住所変更 */,
				1F52629621A6B7F50067BC45 /* TopPage */,
				1F52629521A6B78F0067BC45 /* MyClasses */,
				1F52629421A6B7520067BC45 /* 転出時作業リスト */,
				1FA17421218BFEF9004316F3 /* AppDelegate.swift */,
				1FA17425218BFEF9004316F3 /* Main.storyboard */,
				1FA17428218BFEFD004316F3 /* Assets.xcassets */,
				1FA1742A218BFEFD004316F3 /* LaunchScreen.storyboard */,
				1FA1742D218BFEFD004316F3 /* Info.plist */,
			);
			path = HikkosiChecker;
			sourceTree = "<group>";
		};
		1FA17435218BFEFD004316F3 /* HikkosiCheckerTests */ = {
			isa = PBXGroup;
			children = (
				1FA17436218BFEFD004316F3 /* HikkosiCheckerTests.swift */,
				1FA17438218BFEFD004316F3 /* Info.plist */,
			);
			path = HikkosiCheckerTests;
			sourceTree = "<group>";
		};
		1FA17440218BFEFD004316F3 /* HikkosiCheckerUITests */ = {
			isa = PBXGroup;
			children = (
				1FA17441218BFEFD004316F3 /* HikkosiCheckerUITests.swift */,
				1FA17443218BFEFE004316F3 /* Info.plist */,
			);
			path = HikkosiCheckerUITests;
			sourceTree = "<group>";
		};
		4513BB50B72C3243DED90AA7 /* Frameworks */ = {
			isa = PBXGroup;
			children = (
				CBF4B4AC8376E276AB5904D3 /* Pods_HikkosiChecker.framework */,
				05BCD3E79D1DD8AAF28BB36E /* Pods_HikkosiCheckerTests.framework */,
				1E982829313C9D5E6B66CBC7 /* Pods_HikkosiCheckerUITests.framework */,
			);
			name = Frameworks;
			sourceTree = "<group>";
		};
		AD373575E53BB3BFB3CFCDC9 /* Pods */ = {
			isa = PBXGroup;
			children = (
				1701ACCB9A5860206B941EBE /* Pods-HikkosiChecker.debug.xcconfig */,
				481F1104A599504341C68C0C /* Pods-HikkosiChecker.release.xcconfig */,
				87E6DFAF21E21D63BFD17980 /* Pods-HikkosiCheckerTests.debug.xcconfig */,
				62B943436A9A1975085D11E2 /* Pods-HikkosiCheckerTests.release.xcconfig */,
				F4F7BB0BAEB7CCA5ABFB62F2 /* Pods-HikkosiCheckerUITests.debug.xcconfig */,
				B5041B57DAB160A9B21D04C3 /* Pods-HikkosiCheckerUITests.release.xcconfig */,
			);
			name = Pods;
			sourceTree = "<group>";
		};
/* End PBXGroup section */

/* Begin PBXNativeTarget section */
		1FA1741D218BFEF9004316F3 /* HikkosiChecker */ = {
			isa = PBXNativeTarget;
			buildConfigurationList = 1FA17446218BFEFE004316F3 /* Build configuration list for PBXNativeTarget "HikkosiChecker" */;
			buildPhases = (
				1456FEF702FD6837C929C8E1 /* [CP] Check Pods Manifest.lock */,
				1FA1741A218BFEF9004316F3 /* Sources */,
				1FA1741B218BFEF9004316F3 /* Frameworks */,
				1FA1741C218BFEF9004316F3 /* Resources */,
				F74981D76C3CB0DBBCE7EB87 /* [CP] Embed Pods Frameworks */,
			);
			buildRules = (
			);
			dependencies = (
			);
			name = HikkosiChecker;
			productName = HikkosiChecker;
			productReference = 1FA1741E218BFEF9004316F3 /* HikkosiChecker.app */;
			productType = "com.apple.product-type.application";
		};
		1FA17431218BFEFD004316F3 /* HikkosiCheckerTests */ = {
			isa = PBXNativeTarget;
			buildConfigurationList = 1FA17449218BFEFE004316F3 /* Build configuration list for PBXNativeTarget "HikkosiCheckerTests" */;
			buildPhases = (
				8AA903D18D992519F58C19A7 /* [CP] Check Pods Manifest.lock */,
				1FA1742E218BFEFD004316F3 /* Sources */,
				1FA1742F218BFEFD004316F3 /* Frameworks */,
				1FA17430218BFEFD004316F3 /* Resources */,
			);
			buildRules = (
			);
			dependencies = (
				1FA17434218BFEFD004316F3 /* PBXTargetDependency */,
			);
			name = HikkosiCheckerTests;
			productName = HikkosiCheckerTests;
			productReference = 1FA17432218BFEFD004316F3 /* HikkosiCheckerTests.xctest */;
			productType = "com.apple.product-type.bundle.unit-test";
		};
		1FA1743C218BFEFD004316F3 /* HikkosiCheckerUITests */ = {
			isa = PBXNativeTarget;
			buildConfigurationList = 1FA1744C218BFEFE004316F3 /* Build configuration list for PBXNativeTarget "HikkosiCheckerUITests" */;
			buildPhases = (
				50BB589820E082489F8A8776 /* [CP] Check Pods Manifest.lock */,
				1FA17439218BFEFD004316F3 /* Sources */,
				1FA1743A218BFEFD004316F3 /* Frameworks */,
				1FA1743B218BFEFD004316F3 /* Resources */,
			);
			buildRules = (
			);
			dependencies = (
				1FA1743F218BFEFD004316F3 /* PBXTargetDependency */,
			);
			name = HikkosiCheckerUITests;
			productName = HikkosiCheckerUITests;
			productReference = 1FA1743D218BFEFD004316F3 /* HikkosiCheckerUITests.xctest */;
			productType = "com.apple.product-type.bundle.ui-testing";
		};
/* End PBXNativeTarget section */

/* Begin PBXProject section */
		1FA17416218BFEF9004316F3 /* Project object */ = {
			isa = PBXProject;
			attributes = {
				LastSwiftUpdateCheck = 1000;
				LastUpgradeCheck = 1000;
				ORGANIZATIONNAME = "Kota Nakamura";
				TargetAttributes = {
					1FA1741D218BFEF9004316F3 = {
						CreatedOnToolsVersion = 10.0;
					};
					1FA17431218BFEFD004316F3 = {
						CreatedOnToolsVersion = 10.0;
						TestTargetID = 1FA1741D218BFEF9004316F3;
					};
					1FA1743C218BFEFD004316F3 = {
						CreatedOnToolsVersion = 10.0;
						TestTargetID = 1FA1741D218BFEF9004316F3;
					};
				};
			};
			buildConfigurationList = 1FA17419218BFEF9004316F3 /* Build configuration list for PBXProject "HikkosiChecker" */;
			compatibilityVersion = "Xcode 9.3";
			developmentRegion = en;
			hasScannedForEncodings = 0;
			knownRegions = (
				en,
				Base,
			);
			mainGroup = 1FA17415218BFEF9004316F3;
			productRefGroup = 1FA1741F218BFEF9004316F3 /* Products */;
			projectDirPath = "";
			projectRoot = "";
			targets = (
				1FA1741D218BFEF9004316F3 /* HikkosiChecker */,
				1FA17431218BFEFD004316F3 /* HikkosiCheckerTests */,
				1FA1743C218BFEFD004316F3 /* HikkosiCheckerUITests */,
			);
		};
/* End PBXProject section */

/* Begin PBXResourcesBuildPhase section */
		1FA1741C218BFEF9004316F3 /* Resources */ = {
			isa = PBXResourcesBuildPhase;
			buildActionMask = 2147483647;
			files = (
				1FA1742C218BFEFD004316F3 /* LaunchScreen.storyboard in Resources */,
				1FA17429218BFEFD004316F3 /* Assets.xcassets in Resources */,
				1FA17427218BFEF9004316F3 /* Main.storyboard in Resources */,
			);
			runOnlyForDeploymentPostprocessing = 0;
		};
		1FA17430218BFEFD004316F3 /* Resources */ = {
			isa = PBXResourcesBuildPhase;
			buildActionMask = 2147483647;
			files = (
			);
			runOnlyForDeploymentPostprocessing = 0;
		};
		1FA1743B218BFEFD004316F3 /* Resources */ = {
			isa = PBXResourcesBuildPhase;
			buildActionMask = 2147483647;
			files = (
			);
			runOnlyForDeploymentPostprocessing = 0;
		};
/* End PBXResourcesBuildPhase section */

/* Begin PBXShellScriptBuildPhase section */
		1456FEF702FD6837C929C8E1 /* [CP] Check Pods Manifest.lock */ = {
			isa = PBXShellScriptBuildPhase;
			buildActionMask = 2147483647;
			files = (
			);
			inputFileListPaths = (
			);
			inputPaths = (
				"${PODS_PODFILE_DIR_PATH}/Podfile.lock",
				"${PODS_ROOT}/Manifest.lock",
			);
			name = "[CP] Check Pods Manifest.lock";
			outputFileListPaths = (
			);
			outputPaths = (
				"$(DERIVED_FILE_DIR)/Pods-HikkosiChecker-checkManifestLockResult.txt",
			);
			runOnlyForDeploymentPostprocessing = 0;
			shellPath = /bin/sh;
			shellScript = "diff \"${PODS_PODFILE_DIR_PATH}/Podfile.lock\" \"${PODS_ROOT}/Manifest.lock\" > /dev/null\nif [ $? != 0 ] ; then\n    # print error to STDERR\n    echo \"error: The sandbox is not in sync with the Podfile.lock. Run 'pod install' or update your CocoaPods installation.\" >&2\n    exit 1\nfi\n# This output is used by Xcode 'outputs' to avoid re-running this script phase.\necho \"SUCCESS\" > \"${SCRIPT_OUTPUT_FILE_0}\"\n";
			showEnvVarsInLog = 0;
		};
		50BB589820E082489F8A8776 /* [CP] Check Pods Manifest.lock */ = {
			isa = PBXShellScriptBuildPhase;
			buildActionMask = 2147483647;
			files = (
			);
			inputFileListPaths = (
			);
			inputPaths = (
				"${PODS_PODFILE_DIR_PATH}/Podfile.lock",
				"${PODS_ROOT}/Manifest.lock",
			);
			name = "[CP] Check Pods Manifest.lock";
			outputFileListPaths = (
			);
			outputPaths = (
				"$(DERIVED_FILE_DIR)/Pods-HikkosiCheckerUITests-checkManifestLockResult.txt",
			);
			runOnlyForDeploymentPostprocessing = 0;
			shellPath = /bin/sh;
			shellScript = "diff \"${PODS_PODFILE_DIR_PATH}/Podfile.lock\" \"${PODS_ROOT}/Manifest.lock\" > /dev/null\nif [ $? != 0 ] ; then\n    # print error to STDERR\n    echo \"error: The sandbox is not in sync with the Podfile.lock. Run 'pod install' or update your CocoaPods installation.\" >&2\n    exit 1\nfi\n# This output is used by Xcode 'outputs' to avoid re-running this script phase.\necho \"SUCCESS\" > \"${SCRIPT_OUTPUT_FILE_0}\"\n";
			showEnvVarsInLog = 0;
		};
		8AA903D18D992519F58C19A7 /* [CP] Check Pods Manifest.lock */ = {
			isa = PBXShellScriptBuildPhase;
			buildActionMask = 2147483647;
			files = (
			);
			inputFileListPaths = (
			);
			inputPaths = (
				"${PODS_PODFILE_DIR_PATH}/Podfile.lock",
				"${PODS_ROOT}/Manifest.lock",
			);
			name = "[CP] Check Pods Manifest.lock";
			outputFileListPaths = (
			);
			outputPaths = (
				"$(DERIVED_FILE_DIR)/Pods-HikkosiCheckerTests-checkManifestLockResult.txt",
			);
			runOnlyForDeploymentPostprocessing = 0;
			shellPath = /bin/sh;
			shellScript = "diff \"${PODS_PODFILE_DIR_PATH}/Podfile.lock\" \"${PODS_ROOT}/Manifest.lock\" > /dev/null\nif [ $? != 0 ] ; then\n    # print error to STDERR\n    echo \"error: The sandbox is not in sync with the Podfile.lock. Run 'pod install' or update your CocoaPods installation.\" >&2\n    exit 1\nfi\n# This output is used by Xcode 'outputs' to avoid re-running this script phase.\necho \"SUCCESS\" > \"${SCRIPT_OUTPUT_FILE_0}\"\n";
			showEnvVarsInLog = 0;
		};
		F74981D76C3CB0DBBCE7EB87 /* [CP] Embed Pods Frameworks */ = {
			isa = PBXShellScriptBuildPhase;
			buildActionMask = 2147483647;
			files = (
			);
			inputFileListPaths = (
			);
			inputPaths = (
				"${SRCROOT}/Pods/Target Support Files/Pods-HikkosiChecker/Pods-HikkosiChecker-frameworks.sh",
				"${BUILT_PRODUCTS_DIR}/Realm/Realm.framework",
				"${BUILT_PRODUCTS_DIR}/RealmSwift/RealmSwift.framework",
			);
			name = "[CP] Embed Pods Frameworks";
			outputFileListPaths = (
			);
			outputPaths = (
				"${TARGET_BUILD_DIR}/${FRAMEWORKS_FOLDER_PATH}/Realm.framework",
				"${TARGET_BUILD_DIR}/${FRAMEWORKS_FOLDER_PATH}/RealmSwift.framework",
			);
			runOnlyForDeploymentPostprocessing = 0;
			shellPath = /bin/sh;
			shellScript = "\"${SRCROOT}/Pods/Target Support Files/Pods-HikkosiChecker/Pods-HikkosiChecker-frameworks.sh\"\n";
			showEnvVarsInLog = 0;
		};
/* End PBXShellScriptBuildPhase section */

/* Begin PBXSourcesBuildPhase section */
		1FA1741A218BFEF9004316F3 /* Sources */ = {
			isa = PBXSourcesBuildPhase;
			buildActionMask = 2147483647;
			files = (
				1F4F8AD921B388CB005CE25C /* AddressData.swift in Sources */,
				1F434BF821BA6FBB0054F5AB /* assertionView.swift in Sources */,
				1F434BFA21BA7EA60054F5AB /* DeleteAddressViewController.swift in Sources */,
				1F39E7EA21B0BFD10071BDC0 /* WebPageViewController.swift in Sources */,
				1F4F8ADB21B3C213005CE25C /* TopPresentationController.swift in Sources */,
				1F52628F21A586FC0067BC45 /* TopPageViewController.swift in Sources */,
				1F4F8B5B21B61AC6005CE25C /* MemoPresentationController.swift in Sources */,
				1F79797C21907A61004E56EA /* MyTableViewCell.swift in Sources */,
				1FF6D85D21B2221F0083087A /* EditMoveinTasksViewController.swift in Sources */,
				1F291786219BBC99001A3C9A /* DeletableList.swift in Sources */,
				1F434BF621BA6C6B0054F5AB /* JumpPresentation.swift in Sources */,
				1F8CA59F21A7EF1600D4CF34 /* plannedDate.swift in Sources */,
				1F79797E21907EF4004E56EA /* CustomButton.swift in Sources */,
				1FF6D85721B109120083087A /* SetURLViewController.swift in Sources */,
				1F52629A21A79FF70067BC45 /* SettingViewController.swift in Sources */,
				1F39E7E821AFAE7D0071BDC0 /* TextFieldViewController.swift in Sources */,
				1FA17424218BFEF9004316F3 /* AddressesViewController.swift in Sources */,
				1FF6D86221B254560083087A /* AttributedString.swift in Sources */,
				1FA17452218C00C6004316F3 /* MoveinTasksViewController.swift in Sources */,
				1F291780219AC50D001A3C9A /* CustomPresentationViewController.swift in Sources */,
				1F88550521AD80EE00CFB980 /* CollectionViewController.swift in Sources */,
				1F4F8B5D21B61B76005CE25C /* MemoViewController.swift in Sources */,
				1F52629321A69F0A0067BC45 /* TaskClasses.swift in Sources */,
				1F4F8B5921B608FB005CE25C /* NotesmoveoutViewController.swift in Sources */,
				1F7318CA21A20DC900851BD4 /* HexColorClass.swift in Sources */,
				1FB1410C21AB8FE700BAFD44 /* Addreeses.swift in Sources */,
				1FA17422218BFEF9004316F3 /* AppDelegate.swift in Sources */,
				1F88550721AD917600CFB980 /* CustomCollectionViewCell.swift in Sources */,
				1FF6D85F21B2229D0083087A /* NotesMoveinTasksViewController.swift in Sources */,
				1F52629121A67D070067BC45 /* Progressive.swift in Sources */,
				1FF6D85921B12AFB0083087A /* PrimaryKeyClass.swift in Sources */,
				1FA17450218C00B9004316F3 /* MoveoutTasksViewController.swift in Sources */,
				1F79797A218FE051004E56EA /* EditViewController.swift in Sources */,
			);
			runOnlyForDeploymentPostprocessing = 0;
		};
		1FA1742E218BFEFD004316F3 /* Sources */ = {
			isa = PBXSourcesBuildPhase;
			buildActionMask = 2147483647;
			files = (
				1FA17437218BFEFD004316F3 /* HikkosiCheckerTests.swift in Sources */,
			);
			runOnlyForDeploymentPostprocessing = 0;
		};
		1FA17439218BFEFD004316F3 /* Sources */ = {
			isa = PBXSourcesBuildPhase;
			buildActionMask = 2147483647;
			files = (
				1FA17442218BFEFD004316F3 /* HikkosiCheckerUITests.swift in Sources */,
			);
			runOnlyForDeploymentPostprocessing = 0;
		};
/* End PBXSourcesBuildPhase section */

/* Begin PBXTargetDependency section */
		1FA17434218BFEFD004316F3 /* PBXTargetDependency */ = {
			isa = PBXTargetDependency;
			target = 1FA1741D218BFEF9004316F3 /* HikkosiChecker */;
			targetProxy = 1FA17433218BFEFD004316F3 /* PBXContainerItemProxy */;
		};
		1FA1743F218BFEFD004316F3 /* PBXTargetDependency */ = {
			isa = PBXTargetDependency;
			target = 1FA1741D218BFEF9004316F3 /* HikkosiChecker */;
			targetProxy = 1FA1743E218BFEFD004316F3 /* PBXContainerItemProxy */;
		};
/* End PBXTargetDependency section */

/* Begin PBXVariantGroup section */
		1FA17425218BFEF9004316F3 /* Main.storyboard */ = {
			isa = PBXVariantGroup;
			children = (
				1FA17426218BFEF9004316F3 /* Base */,
			);
			name = Main.storyboard;
			sourceTree = "<group>";
		};
		1FA1742A218BFEFD004316F3 /* LaunchScreen.storyboard */ = {
			isa = PBXVariantGroup;
			children = (
				1FA1742B218BFEFD004316F3 /* Base */,
			);
			name = LaunchScreen.storyboard;
			sourceTree = "<group>";
		};
/* End PBXVariantGroup section */

/* Begin XCBuildConfiguration section */
		1FA17444218BFEFE004316F3 /* Debug */ = {
			isa = XCBuildConfiguration;
			buildSettings = {
				ALWAYS_SEARCH_USER_PATHS = NO;
				CLANG_ANALYZER_NONNULL = YES;
				CLANG_ANALYZER_NUMBER_OBJECT_CONVERSION = YES_AGGRESSIVE;
				CLANG_CXX_LANGUAGE_STANDARD = "gnu++14";
				CLANG_CXX_LIBRARY = "libc++";
				CLANG_ENABLE_MODULES = YES;
				CLANG_ENABLE_OBJC_ARC = YES;
				CLANG_ENABLE_OBJC_WEAK = YES;
				CLANG_WARN_BLOCK_CAPTURE_AUTORELEASING = YES;
				CLANG_WARN_BOOL_CONVERSION = YES;
				CLANG_WARN_COMMA = YES;
				CLANG_WARN_CONSTANT_CONVERSION = YES;
				CLANG_WARN_DEPRECATED_OBJC_IMPLEMENTATIONS = YES;
				CLANG_WARN_DIRECT_OBJC_ISA_USAGE = YES_ERROR;
				CLANG_WARN_DOCUMENTATION_COMMENTS = YES;
				CLANG_WARN_EMPTY_BODY = YES;
				CLANG_WARN_ENUM_CONVERSION = YES;
				CLANG_WARN_INFINITE_RECURSION = YES;
				CLANG_WARN_INT_CONVERSION = YES;
				CLANG_WARN_NON_LITERAL_NULL_CONVERSION = YES;
				CLANG_WARN_OBJC_IMPLICIT_RETAIN_SELF = YES;
				CLANG_WARN_OBJC_LITERAL_CONVERSION = YES;
				CLANG_WARN_OBJC_ROOT_CLASS = YES_ERROR;
				CLANG_WARN_RANGE_LOOP_ANALYSIS = YES;
				CLANG_WARN_STRICT_PROTOTYPES = YES;
				CLANG_WARN_SUSPICIOUS_MOVE = YES;
				CLANG_WARN_UNGUARDED_AVAILABILITY = YES_AGGRESSIVE;
				CLANG_WARN_UNREACHABLE_CODE = YES;
				CLANG_WARN__DUPLICATE_METHOD_MATCH = YES;
				CODE_SIGN_IDENTITY = "iPhone Developer";
				COPY_PHASE_STRIP = NO;
				DEBUG_INFORMATION_FORMAT = dwarf;
				ENABLE_STRICT_OBJC_MSGSEND = YES;
				ENABLE_TESTABILITY = YES;
				GCC_C_LANGUAGE_STANDARD = gnu11;
				GCC_DYNAMIC_NO_PIC = NO;
				GCC_NO_COMMON_BLOCKS = YES;
				GCC_OPTIMIZATION_LEVEL = 0;
				GCC_PREPROCESSOR_DEFINITIONS = (
					"DEBUG=1",
					"$(inherited)",
				);
				GCC_WARN_64_TO_32_BIT_CONVERSION = YES;
				GCC_WARN_ABOUT_RETURN_TYPE = YES_ERROR;
				GCC_WARN_UNDECLARED_SELECTOR = YES;
				GCC_WARN_UNINITIALIZED_AUTOS = YES_AGGRESSIVE;
				GCC_WARN_UNUSED_FUNCTION = YES;
				GCC_WARN_UNUSED_VARIABLE = YES;
				IPHONEOS_DEPLOYMENT_TARGET = 12.0;
				MTL_ENABLE_DEBUG_INFO = INCLUDE_SOURCE;
				MTL_FAST_MATH = YES;
				ONLY_ACTIVE_ARCH = YES;
				SDKROOT = iphoneos;
				SWIFT_ACTIVE_COMPILATION_CONDITIONS = DEBUG;
				SWIFT_OPTIMIZATION_LEVEL = "-Onone";
			};
			name = Debug;
		};
		1FA17445218BFEFE004316F3 /* Release */ = {
			isa = XCBuildConfiguration;
			buildSettings = {
				ALWAYS_SEARCH_USER_PATHS = NO;
				CLANG_ANALYZER_NONNULL = YES;
				CLANG_ANALYZER_NUMBER_OBJECT_CONVERSION = YES_AGGRESSIVE;
				CLANG_CXX_LANGUAGE_STANDARD = "gnu++14";
				CLANG_CXX_LIBRARY = "libc++";
				CLANG_ENABLE_MODULES = YES;
				CLANG_ENABLE_OBJC_ARC = YES;
				CLANG_ENABLE_OBJC_WEAK = YES;
				CLANG_WARN_BLOCK_CAPTURE_AUTORELEASING = YES;
				CLANG_WARN_BOOL_CONVERSION = YES;
				CLANG_WARN_COMMA = YES;
				CLANG_WARN_CONSTANT_CONVERSION = YES;
				CLANG_WARN_DEPRECATED_OBJC_IMPLEMENTATIONS = YES;
				CLANG_WARN_DIRECT_OBJC_ISA_USAGE = YES_ERROR;
				CLANG_WARN_DOCUMENTATION_COMMENTS = YES;
				CLANG_WARN_EMPTY_BODY = YES;
				CLANG_WARN_ENUM_CONVERSION = YES;
				CLANG_WARN_INFINITE_RECURSION = YES;
				CLANG_WARN_INT_CONVERSION = YES;
				CLANG_WARN_NON_LITERAL_NULL_CONVERSION = YES;
				CLANG_WARN_OBJC_IMPLICIT_RETAIN_SELF = YES;
				CLANG_WARN_OBJC_LITERAL_CONVERSION = YES;
				CLANG_WARN_OBJC_ROOT_CLASS = YES_ERROR;
				CLANG_WARN_RANGE_LOOP_ANALYSIS = YES;
				CLANG_WARN_STRICT_PROTOTYPES = YES;
				CLANG_WARN_SUSPICIOUS_MOVE = YES;
				CLANG_WARN_UNGUARDED_AVAILABILITY = YES_AGGRESSIVE;
				CLANG_WARN_UNREACHABLE_CODE = YES;
				CLANG_WARN__DUPLICATE_METHOD_MATCH = YES;
				CODE_SIGN_IDENTITY = "iPhone Developer";
				COPY_PHASE_STRIP = NO;
				DEBUG_INFORMATION_FORMAT = "dwarf-with-dsym";
				ENABLE_NS_ASSERTIONS = NO;
				ENABLE_STRICT_OBJC_MSGSEND = YES;
				GCC_C_LANGUAGE_STANDARD = gnu11;
				GCC_NO_COMMON_BLOCKS = YES;
				GCC_WARN_64_TO_32_BIT_CONVERSION = YES;
				GCC_WARN_ABOUT_RETURN_TYPE = YES_ERROR;
				GCC_WARN_UNDECLARED_SELECTOR = YES;
				GCC_WARN_UNINITIALIZED_AUTOS = YES_AGGRESSIVE;
				GCC_WARN_UNUSED_FUNCTION = YES;
				GCC_WARN_UNUSED_VARIABLE = YES;
				IPHONEOS_DEPLOYMENT_TARGET = 12.0;
				MTL_ENABLE_DEBUG_INFO = NO;
				MTL_FAST_MATH = YES;
				SDKROOT = iphoneos;
				SWIFT_COMPILATION_MODE = wholemodule;
				SWIFT_OPTIMIZATION_LEVEL = "-O";
				VALIDATE_PRODUCT = YES;
			};
			name = Release;
		};
		1FA17447218BFEFE004316F3 /* Debug */ = {
			isa = XCBuildConfiguration;
			baseConfigurationReference = 1701ACCB9A5860206B941EBE /* Pods-HikkosiChecker.debug.xcconfig */;
			buildSettings = {
				ASSETCATALOG_COMPILER_APPICON_NAME = AppIcon;
				CODE_SIGN_STYLE = Automatic;
				DEVELOPMENT_TEAM = 83TQR58FBS;
				INFOPLIST_FILE = HikkosiChecker/Info.plist;
				LD_RUNPATH_SEARCH_PATHS = (
					"$(inherited)",
					"@executable_path/Frameworks",
				);
				PRODUCT_BUNDLE_IDENTIFIER = com.gmail.mmilefun.HikkosiChecker;
				PRODUCT_NAME = "$(TARGET_NAME)";
				SWIFT_VERSION = 4.2;
				TARGETED_DEVICE_FAMILY = "1,2";
			};
			name = Debug;
		};
		1FA17448218BFEFE004316F3 /* Release */ = {
			isa = XCBuildConfiguration;
			baseConfigurationReference = 481F1104A599504341C68C0C /* Pods-HikkosiChecker.release.xcconfig */;
			buildSettings = {
				ASSETCATALOG_COMPILER_APPICON_NAME = AppIcon;
				CODE_SIGN_STYLE = Automatic;
				DEVELOPMENT_TEAM = 83TQR58FBS;
				INFOPLIST_FILE = HikkosiChecker/Info.plist;
				LD_RUNPATH_SEARCH_PATHS = (
					"$(inherited)",
					"@executable_path/Frameworks",
				);
				PRODUCT_BUNDLE_IDENTIFIER = com.gmail.mmilefun.HikkosiChecker;
				PRODUCT_NAME = "$(TARGET_NAME)";
				SWIFT_VERSION = 4.2;
				TARGETED_DEVICE_FAMILY = "1,2";
			};
			name = Release;
		};
		1FA1744A218BFEFE004316F3 /* Debug */ = {
			isa = XCBuildConfiguration;
			baseConfigurationReference = 87E6DFAF21E21D63BFD17980 /* Pods-HikkosiCheckerTests.debug.xcconfig */;
			buildSettings = {
				ALWAYS_EMBED_SWIFT_STANDARD_LIBRARIES = YES;
				BUNDLE_LOADER = "$(TEST_HOST)";
				CODE_SIGN_STYLE = Automatic;
				DEVELOPMENT_TEAM = 83TQR58FBS;
				INFOPLIST_FILE = HikkosiCheckerTests/Info.plist;
				LD_RUNPATH_SEARCH_PATHS = (
					"$(inherited)",
					"@executable_path/Frameworks",
					"@loader_path/Frameworks",
				);
				PRODUCT_BUNDLE_IDENTIFIER = com.gmail.mmilefun.HikkosiCheckerTests;
				PRODUCT_NAME = "$(TARGET_NAME)";
				SWIFT_VERSION = 4.2;
				TARGETED_DEVICE_FAMILY = "1,2";
				TEST_HOST = "$(BUILT_PRODUCTS_DIR)/HikkosiChecker.app/HikkosiChecker";
			};
			name = Debug;
		};
		1FA1744B218BFEFE004316F3 /* Release */ = {
			isa = XCBuildConfiguration;
			baseConfigurationReference = 62B943436A9A1975085D11E2 /* Pods-HikkosiCheckerTests.release.xcconfig */;
			buildSettings = {
				ALWAYS_EMBED_SWIFT_STANDARD_LIBRARIES = YES;
				BUNDLE_LOADER = "$(TEST_HOST)";
				CODE_SIGN_STYLE = Automatic;
				DEVELOPMENT_TEAM = 83TQR58FBS;
				INFOPLIST_FILE = HikkosiCheckerTests/Info.plist;
				LD_RUNPATH_SEARCH_PATHS = (
					"$(inherited)",
					"@executable_path/Frameworks",
					"@loader_path/Frameworks",
				);
				PRODUCT_BUNDLE_IDENTIFIER = com.gmail.mmilefun.HikkosiCheckerTests;
				PRODUCT_NAME = "$(TARGET_NAME)";
				SWIFT_VERSION = 4.2;
				TARGETED_DEVICE_FAMILY = "1,2";
				TEST_HOST = "$(BUILT_PRODUCTS_DIR)/HikkosiChecker.app/HikkosiChecker";
			};
			name = Release;
		};
		1FA1744D218BFEFE004316F3 /* Debug */ = {
			isa = XCBuildConfiguration;
			baseConfigurationReference = F4F7BB0BAEB7CCA5ABFB62F2 /* Pods-HikkosiCheckerUITests.debug.xcconfig */;
			buildSettings = {
				ALWAYS_EMBED_SWIFT_STANDARD_LIBRARIES = YES;
				CODE_SIGN_STYLE = Automatic;
				DEVELOPMENT_TEAM = 83TQR58FBS;
				INFOPLIST_FILE = HikkosiCheckerUITests/Info.plist;
				LD_RUNPATH_SEARCH_PATHS = (
					"$(inherited)",
					"@executable_path/Frameworks",
					"@loader_path/Frameworks",
				);
				PRODUCT_BUNDLE_IDENTIFIER = com.gmail.mmilefun.HikkosiCheckerUITests;
				PRODUCT_NAME = "$(TARGET_NAME)";
				SWIFT_VERSION = 4.2;
				TARGETED_DEVICE_FAMILY = "1,2";
				TEST_TARGET_NAME = HikkosiChecker;
			};
			name = Debug;
		};
		1FA1744E218BFEFE004316F3 /* Release */ = {
			isa = XCBuildConfiguration;
			baseConfigurationReference = B5041B57DAB160A9B21D04C3 /* Pods-HikkosiCheckerUITests.release.xcconfig */;
			buildSettings = {
				ALWAYS_EMBED_SWIFT_STANDARD_LIBRARIES = YES;
				CODE_SIGN_STYLE = Automatic;
				DEVELOPMENT_TEAM = 83TQR58FBS;
				INFOPLIST_FILE = HikkosiCheckerUITests/Info.plist;
				LD_RUNPATH_SEARCH_PATHS = (
					"$(inherited)",
					"@executable_path/Frameworks",
					"@loader_path/Frameworks",
				);
				PRODUCT_BUNDLE_IDENTIFIER = com.gmail.mmilefun.HikkosiCheckerUITests;
				PRODUCT_NAME = "$(TARGET_NAME)";
				SWIFT_VERSION = 4.2;
				TARGETED_DEVICE_FAMILY = "1,2";
				TEST_TARGET_NAME = HikkosiChecker;
			};
			name = Release;
		};
/* End XCBuildConfiguration section */

/* Begin XCConfigurationList section */
		1FA17419218BFEF9004316F3 /* Build configuration list for PBXProject "HikkosiChecker" */ = {
			isa = XCConfigurationList;
			buildConfigurations = (
				1FA17444218BFEFE004316F3 /* Debug */,
				1FA17445218BFEFE004316F3 /* Release */,
			);
			defaultConfigurationIsVisible = 0;
			defaultConfigurationName = Release;
		};
		1FA17446218BFEFE004316F3 /* Build configuration list for PBXNativeTarget "HikkosiChecker" */ = {
			isa = XCConfigurationList;
			buildConfigurations = (
				1FA17447218BFEFE004316F3 /* Debug */,
				1FA17448218BFEFE004316F3 /* Release */,
			);
			defaultConfigurationIsVisible = 0;
			defaultConfigurationName = Release;
		};
		1FA17449218BFEFE004316F3 /* Build configuration list for PBXNativeTarget "HikkosiCheckerTests" */ = {
			isa = XCConfigurationList;
			buildConfigurations = (
				1FA1744A218BFEFE004316F3 /* Debug */,
				1FA1744B218BFEFE004316F3 /* Release */,
			);
			defaultConfigurationIsVisible = 0;
			defaultConfigurationName = Release;
		};
		1FA1744C218BFEFE004316F3 /* Build configuration list for PBXNativeTarget "HikkosiCheckerUITests" */ = {
			isa = XCConfigurationList;
			buildConfigurations = (
				1FA1744D218BFEFE004316F3 /* Debug */,
				1FA1744E218BFEFE004316F3 /* Release */,
			);
			defaultConfigurationIsVisible = 0;
			defaultConfigurationName = Release;
		};
/* End XCConfigurationList section */
	};
	rootObject = 1FA17416218BFEF9004316F3 /* Project object */;
}
